// !$*UTF8*$!
{
	archiveVersion = 1;
	classes = {
	};
	objectVersion = 48;
	objects = {

/* Begin PBXBuildFile section */
		4223E16A20781C24000F13EA /* AppDelegate.swift in Sources */ = {isa = PBXBuildFile; fileRef = 4223E16920781C24000F13EA /* AppDelegate.swift */; };
		4223E16C20781C24000F13EA /* ViewController.swift in Sources */ = {isa = PBXBuildFile; fileRef = 4223E16B20781C24000F13EA /* ViewController.swift */; };
		4223E16F20781C24000F13EA /* Main.storyboard in Resources */ = {isa = PBXBuildFile; fileRef = 4223E16D20781C24000F13EA /* Main.storyboard */; };
		4223E17120781C24000F13EA /* Assets.xcassets in Resources */ = {isa = PBXBuildFile; fileRef = 4223E17020781C24000F13EA /* Assets.xcassets */; };
		4223E17420781C24000F13EA /* LaunchScreen.storyboard in Resources */ = {isa = PBXBuildFile; fileRef = 4223E17220781C24000F13EA /* LaunchScreen.storyboard */; };
		4223E17F207823DB000F13EA /* field_observations.json in Resources */ = {isa = PBXBuildFile; fileRef = 4223E17E207823DB000F13EA /* field_observations.json */; };
		4223E18120784182000F13EA /* Field.swift in Sources */ = {isa = PBXBuildFile; fileRef = 4223E18020784182000F13EA /* Field.swift */; };
		4223E18320784481000F13EA /* FieldSurvey.swift in Sources */ = {isa = PBXBuildFile; fileRef = 4223E18220784481000F13EA /* FieldSurvey.swift */; };
		4223E185207847E1000F13EA /* FieldEventsJSONParser.swift in Sources */ = {isa = PBXBuildFile; fileRef = 4223E184207847E1000F13EA /* FieldEventsJSONParser.swift */; };
		4223E18720785199000F13EA /* FieldSurveyJSONLoader.swift in Sources */ = {isa = PBXBuildFile; fileRef = 4223E18620785199000F13EA /* FieldSurveyJSONLoader.swift */; };
		4223E1892078585A000F13EA /* FieldSurveyViewController.swift in Sources */ = {isa = PBXBuildFile; fileRef = 4223E1882078585A000F13EA /* FieldSurveyViewController.swift */; };
		4223E18B207858B6000F13EA /* FieldSurveyDetailViewController.swift in Sources */ = {isa = PBXBuildFile; fileRef = 4223E18A207858B6000F13EA /* FieldSurveyDetailViewController.swift */; };
		4223E18D20786078000F13EA /* FieldSurveyTableViewCell.swift in Sources */ = {isa = PBXBuildFile; fileRef = 4223E18C20786078000F13EA /* FieldSurveyTableViewCell.swift */; };
/* End PBXBuildFile section */

/* Begin PBXFileReference section */
		4223E16620781C24000F13EA /* Field Survey.app */ = {isa = PBXFileReference; explicitFileType = wrapper.application; includeInIndex = 0; path = "Field Survey.app"; sourceTree = BUILT_PRODUCTS_DIR; };
		4223E16920781C24000F13EA /* AppDelegate.swift */ = {isa = PBXFileReference; lastKnownFileType = sourcecode.swift; path = AppDelegate.swift; sourceTree = "<group>"; };
		4223E16B20781C24000F13EA /* ViewController.swift */ = {isa = PBXFileReference; lastKnownFileType = sourcecode.swift; path = ViewController.swift; sourceTree = "<group>"; };
		4223E16E20781C24000F13EA /* Base */ = {isa = PBXFileReference; lastKnownFileType = file.storyboard; name = Base; path = Base.lproj/Main.storyboard; sourceTree = "<group>"; };
		4223E17020781C24000F13EA /* Assets.xcassets */ = {isa = PBXFileReference; lastKnownFileType = folder.assetcatalog; path = Assets.xcassets; sourceTree = "<group>"; };
		4223E17320781C24000F13EA /* Base */ = {isa = PBXFileReference; lastKnownFileType = file.storyboard; name = Base; path = Base.lproj/LaunchScreen.storyboard; sourceTree = "<group>"; };
		4223E17520781C24000F13EA /* Info.plist */ = {isa = PBXFileReference; lastKnownFileType = text.plist.xml; path = Info.plist; sourceTree = "<group>"; };
		4223E17E207823DB000F13EA /* field_observations.json */ = {isa = PBXFileReference; fileEncoding = 4; lastKnownFileType = text.json; path = field_observations.json; sourceTree = "<group>"; };
		4223E18020784182000F13EA /* Field.swift */ = {isa = PBXFileReference; lastKnownFileType = sourcecode.swift; path = Field.swift; sourceTree = "<group>"; };
		4223E18220784481000F13EA /* FieldSurvey.swift */ = {isa = PBXFileReference; lastKnownFileType = sourcecode.swift; path = FieldSurvey.swift; sourceTree = "<group>"; };
		4223E184207847E1000F13EA /* FieldEventsJSONParser.swift */ = {isa = PBXFileReference; lastKnownFileType = sourcecode.swift; path = FieldEventsJSONParser.swift; sourceTree = "<group>"; };
		4223E18620785199000F13EA /* FieldSurveyJSONLoader.swift */ = {isa = PBXFileReference; lastKnownFileType = sourcecode.swift; path = FieldSurveyJSONLoader.swift; sourceTree = "<group>"; };
		4223E1882078585A000F13EA /* FieldSurveyViewController.swift */ = {isa = PBXFileReference; lastKnownFileType = sourcecode.swift; path = FieldSurveyViewController.swift; sourceTree = "<group>"; };
		4223E18A207858B6000F13EA /* FieldSurveyDetailViewController.swift */ = {isa = PBXFileReference; lastKnownFileType = sourcecode.swift; path = FieldSurveyDetailViewController.swift; sourceTree = "<group>"; };
		4223E18C20786078000F13EA /* FieldSurveyTableViewCell.swift */ = {isa = PBXFileReference; lastKnownFileType = sourcecode.swift; path = FieldSurveyTableViewCell.swift; sourceTree = "<group>"; };
/* End PBXFileReference section */

/* Begin PBXFrameworksBuildPhase section */
		4223E16320781C24000F13EA /* Frameworks */ = {
			isa = PBXFrameworksBuildPhase;
			buildActionMask = 2147483647;
			files = (
			);
			runOnlyForDeploymentPostprocessing = 0;
		};
/* End PBXFrameworksBuildPhase section */

/* Begin PBXGroup section */
		4223E15D20781C24000F13EA = {
			isa = PBXGroup;
			children = (
				4223E16820781C24000F13EA /* Field Survey */,
				4223E16720781C24000F13EA /* Products */,
			);
			sourceTree = "<group>";
		};
		4223E16720781C24000F13EA /* Products */ = {
			isa = PBXGroup;
			children = (
				4223E16620781C24000F13EA /* Field Survey.app */,
			);
			name = Products;
			sourceTree = "<group>";
		};
		4223E16820781C24000F13EA /* Field Survey */ = {
			isa = PBXGroup;
			children = (
				4223E17B2078221A000F13EA /* Model */,
				4223E16920781C24000F13EA /* AppDelegate.swift */,
				4223E16B20781C24000F13EA /* ViewController.swift */,
				4223E16D20781C24000F13EA /* Main.storyboard */,
				4223E17020781C24000F13EA /* Assets.xcassets */,
				4223E17220781C24000F13EA /* LaunchScreen.storyboard */,
				4223E17520781C24000F13EA /* Info.plist */,
				4223E1882078585A000F13EA /* FieldSurveyViewController.swift */,
				4223E18A207858B6000F13EA /* FieldSurveyDetailViewController.swift */,
				4223E18C20786078000F13EA /* FieldSurveyTableViewCell.swift */,
			);
			path = "Field Survey";
			sourceTree = "<group>";
		};
		4223E17B2078221A000F13EA /* Model */ = {
			isa = PBXGroup;
			children = (
				4223E17E207823DB000F13EA /* field_observations.json */,
				4223E18020784182000F13EA /* Field.swift */,
				4223E18220784481000F13EA /* FieldSurvey.swift */,
				4223E184207847E1000F13EA /* FieldEventsJSONParser.swift */,
				4223E18620785199000F13EA /* FieldSurveyJSONLoader.swift */,
			);
			name = Model;
			path = model/Model;
			sourceTree = "<group>";
		};
/* End PBXGroup section */

/* Begin PBXNativeTarget section */
		4223E16520781C24000F13EA /* Field Survey */ = {
			isa = PBXNativeTarget;
			buildConfigurationList = 4223E17820781C24000F13EA /* Build configuration list for PBXNativeTarget "Field Survey" */;
			buildPhases = (
				4223E16220781C24000F13EA /* Sources */,
				4223E16320781C24000F13EA /* Frameworks */,
				4223E16420781C24000F13EA /* Resources */,
			);
			buildRules = (
			);
			dependencies = (
			);
			name = "Field Survey";
			productName = "Field Survey";
			productReference = 4223E16620781C24000F13EA /* Field Survey.app */;
			productType = "com.apple.product-type.application";
		};
/* End PBXNativeTarget section */

/* Begin PBXProject section */
		4223E15E20781C24000F13EA /* Project object */ = {
			isa = PBXProject;
			attributes = {
				LastSwiftUpdateCheck = 0920;
				LastUpgradeCheck = 0920;
				ORGANIZATIONNAME = "Austin Terranova";
				TargetAttributes = {
					4223E16520781C24000F13EA = {
						CreatedOnToolsVersion = 9.2;
						ProvisioningStyle = Automatic;
					};
				};
			};
			buildConfigurationList = 4223E16120781C24000F13EA /* Build configuration list for PBXProject "Field Survey" */;
			compatibilityVersion = "Xcode 8.0";
			developmentRegion = en;
			hasScannedForEncodings = 0;
			knownRegions = (
				en,
				Base,
			);
			mainGroup = 4223E15D20781C24000F13EA;
			productRefGroup = 4223E16720781C24000F13EA /* Products */;
			projectDirPath = "";
			projectRoot = "";
			targets = (
				4223E16520781C24000F13EA /* Field Survey */,
			);
		};
/* End PBXProject section */

/* Begin PBXResourcesBuildPhase section */
		4223E16420781C24000F13EA /* Resources */ = {
			isa = PBXResourcesBuildPhase;
			buildActionMask = 2147483647;
			files = (
				4223E17420781C24000F13EA /* LaunchScreen.storyboard in Resources */,
				4223E17F207823DB000F13EA /* field_observations.json in Resources */,
				4223E17120781C24000F13EA /* Assets.xcassets in Resources */,
				4223E16F20781C24000F13EA /* Main.storyboard in Resources */,
			);
			runOnlyForDeploymentPostprocessing = 0;
		};
/* End PBXResourcesBuildPhase section */

/* Begin PBXSourcesBuildPhase section */
		4223E16220781C24000F13EA /* Sources */ = {
			isa = PBXSourcesBuildPhase;
			buildActionMask = 2147483647;
			files = (
				4223E16C20781C24000F13EA /* ViewController.swift in Sources */,
				4223E18720785199000F13EA /* FieldSurveyJSONLoader.swift in Sources */,
				4223E16A20781C24000F13EA /* AppDelegate.swift in Sources */,
				4223E18D20786078000F13EA /* FieldSurveyTableViewCell.swift in Sources */,
				4223E1892078585A000F13EA /* FieldSurveyViewController.swift in Sources */,
				4223E18B207858B6000F13EA /* FieldSurveyDetailViewController.swift in Sources */,
				4223E18320784481000F13EA /* FieldSurvey.swift in Sources */,
				4223E185207847E1000F13EA /* FieldEventsJSONParser.swift in Sources */,
				4223E18120784182000F13EA /* Field.swift in Sources */,
			);
			runOnlyForDeploymentPostprocessing = 0;
		};
/* End PBXSourcesBuildPhase section */

/* Begin PBXVariantGroup section */
		4223E16D20781C24000F13EA /* Main.storyboard */ = {
			isa = PBXVariantGroup;
			children = (
				4223E16E20781C24000F13EA /* Base */,
			);
			name = Main.storyboard;
			sourceTree = "<group>";
		};
		4223E17220781C24000F13EA /* LaunchScreen.storyboard */ = {
			isa = PBXVariantGroup;
			children = (
				4223E17320781C24000F13EA /* Base */,
			);
			name = LaunchScreen.storyboard;
			sourceTree = "<group>";
		};
/* End PBXVariantGroup section */

/* Begin XCBuildConfiguration section */
		4223E17620781C24000F13EA /* Debug */ = {
			isa = XCBuildConfiguration;
			buildSettings = {
				ALWAYS_SEARCH_USER_PATHS = NO;
				CLANG_ANALYZER_NONNULL = YES;
				CLANG_ANALYZER_NUMBER_OBJECT_CONVERSION = YES_AGGRESSIVE;
				CLANG_CXX_LANGUAGE_STANDARD = "gnu++14";
				CLANG_CXX_LIBRARY = "libc++";
				CLANG_ENABLE_MODULES = YES;
				CLANG_ENABLE_OBJC_ARC = YES;
				CLANG_WARN_BLOCK_CAPTURE_AUTORELEASING = YES;
				CLANG_WARN_BOOL_CONVERSION = YES;
				CLANG_WARN_COMMA = YES;
				CLANG_WARN_CONSTANT_CONVERSION = YES;
				CLANG_WARN_DIRECT_OBJC_ISA_USAGE = YES_ERROR;
				CLANG_WARN_DOCUMENTATION_COMMENTS = YES;
				CLANG_WARN_EMPTY_BODY = YES;
				CLANG_WARN_ENUM_CONVERSION = YES;
				CLANG_WARN_INFINITE_RECURSION = YES;
				CLANG_WARN_INT_CONVERSION = YES;
				CLANG_WARN_NON_LITERAL_NULL_CONVERSION = YES;
				CLANG_WARN_OBJC_LITERAL_CONVERSION = YES;
				CLANG_WARN_OBJC_ROOT_CLASS = YES_ERROR;
				CLANG_WARN_RANGE_LOOP_ANALYSIS = YES;
				CLANG_WARN_STRICT_PROTOTYPES = YES;
				CLANG_WARN_SUSPICIOUS_MOVE = YES;
				CLANG_WARN_UNGUARDED_AVAILABILITY = YES_AGGRESSIVE;
				CLANG_WARN_UNREACHABLE_CODE = YES;
				CLANG_WARN__DUPLICATE_METHOD_MATCH = YES;
				CODE_SIGN_IDENTITY = "iPhone Developer";
				COPY_PHASE_STRIP = NO;
				DEBUG_INFORMATION_FORMAT = dwarf;
				ENABLE_STRICT_OBJC_MSGSEND = YES;
				ENABLE_TESTABILITY = YES;
				GCC_C_LANGUAGE_STANDARD = gnu11;
				GCC_DYNAMIC_NO_PIC = NO;
				GCC_NO_COMMON_BLOCKS = YES;
				GCC_OPTIMIZATION_LEVEL = 0;
				GCC_PREPROCESSOR_DEFINITIONS = (
					"DEBUG=1",
					"$(inherited)",
				);
				GCC_WARN_64_TO_32_BIT_CONVERSION = YES;
				GCC_WARN_ABOUT_RETURN_TYPE = YES_ERROR;
				GCC_WARN_UNDECLARED_SELECTOR = YES;
				GCC_WARN_UNINITIALIZED_AUTOS = YES_AGGRESSIVE;
				GCC_WARN_UNUSED_FUNCTION = YES;
				GCC_WARN_UNUSED_VARIABLE = YES;
				IPHONEOS_DEPLOYMENT_TARGET = 11.2;
				MTL_ENABLE_DEBUG_INFO = YES;
				ONLY_ACTIVE_ARCH = YES;
				SDKROOT = iphoneos;
				SWIFT_ACTIVE_COMPILATION_CONDITIONS = DEBUG;
				SWIFT_OPTIMIZATION_LEVEL = "-Onone";
			};
			name = Debug;
		};
		4223E17720781C24000F13EA /* Release */ = {
			isa = XCBuildConfiguration;
			buildSettings = {
				ALWAYS_SEARCH_USER_PATHS = NO;
				CLANG_ANALYZER_NONNULL = YES;
				CLANG_ANALYZER_NUMBER_OBJECT_CONVERSION = YES_AGGRESSIVE;
				CLANG_CXX_LANGUAGE_STANDARD = "gnu++14";
				CLANG_CXX_LIBRARY = "libc++";
				CLANG_ENABLE_MODULES = YES;
				CLANG_ENABLE_OBJC_ARC = YES;
				CLANG_WARN_BLOCK_CAPTURE_AUTORELEASING = YES;
				CLANG_WARN_BOOL_CONVERSION = YES;
				CLANG_WARN_COMMA = YES;
				CLANG_WARN_CONSTANT_CONVERSION = YES;
				CLANG_WARN_DIRECT_OBJC_ISA_USAGE = YES_ERROR;
				CLANG_WARN_DOCUMENTATION_COMMENTS = YES;
				CLANG_WARN_EMPTY_BODY = YES;
				CLANG_WARN_ENUM_CONVERSION = YES;
				CLANG_WARN_INFINITE_RECURSION = YES;
				CLANG_WARN_INT_CONVERSION = YES;
				CLANG_WARN_NON_LITERAL_NULL_CONVERSION = YES;
				CLANG_WARN_OBJC_LITERAL_CONVERSION = YES;
				CLANG_WARN_OBJC_ROOT_CLASS = YES_ERROR;
				CLANG_WARN_RANGE_LOOP_ANALYSIS = YES;
				CLANG_WARN_STRICT_PROTOTYPES = YES;
				CLANG_WARN_SUSPICIOUS_MOVE = YES;
				CLANG_WARN_UNGUARDED_AVAILABILITY = YES_AGGRESSIVE;
				CLANG_WARN_UNREACHABLE_CODE = YES;
				CLANG_WARN__DUPLICATE_METHOD_MATCH = YES;
				CODE_SIGN_IDENTITY = "iPhone Developer";
				COPY_PHASE_STRIP = NO;
				DEBUG_INFORMATION_FORMAT = "dwarf-with-dsym";
				ENABLE_NS_ASSERTIONS = NO;
				ENABLE_STRICT_OBJC_MSGSEND = YES;
				GCC_C_LANGUAGE_STANDARD = gnu11;
				GCC_NO_COMMON_BLOCKS = YES;
				GCC_WARN_64_TO_32_BIT_CONVERSION = YES;
				GCC_WARN_ABOUT_RETURN_TYPE = YES_ERROR;
				GCC_WARN_UNDECLARED_SELECTOR = YES;
				GCC_WARN_UNINITIALIZED_AUTOS = YES_AGGRESSIVE;
				GCC_WARN_UNUSED_FUNCTION = YES;
				GCC_WARN_UNUSED_VARIABLE = YES;
				IPHONEOS_DEPLOYMENT_TARGET = 11.2;
				MTL_ENABLE_DEBUG_INFO = NO;
				SDKROOT = iphoneos;
				SWIFT_OPTIMIZATION_LEVEL = "-Owholemodule";
				VALIDATE_PRODUCT = YES;
			};
			name = Release;
		};
		4223E17920781C24000F13EA /* Debug */ = {
			isa = XCBuildConfiguration;
			buildSettings = {
				ASSETCATALOG_COMPILER_APPICON_NAME = AppIcon;
				CODE_SIGN_STYLE = Automatic;
				INFOPLIST_FILE = "Field Survey/Info.plist";
				LD_RUNPATH_SEARCH_PATHS = "$(inherited) @executable_path/Frameworks";
				PRODUCT_BUNDLE_IDENTIFIER = "ast7fc.Field-Survey";
				PRODUCT_NAME = "$(TARGET_NAME)";
				SWIFT_VERSION = 4.0;
				TARGETED_DEVICE_FAMILY = "1,2";
			};
			name = Debug;
		};
		4223E17A20781C24000F13EA /* Release */ = {
			isa = XCBuildConfiguration;
			buildSettings = {
				ASSETCATALOG_COMPILER_APPICON_NAME = AppIcon;
				CODE_SIGN_STYLE = Automatic;
				INFOPLIST_FILE = "Field Survey/Info.plist";
				LD_RUNPATH_SEARCH_PATHS = "$(inherited) @executable_path/Frameworks";
				PRODUCT_BUNDLE_IDENTIFIER = "ast7fc.Field-Survey";
				PRODUCT_NAME = "$(TARGET_NAME)";
				SWIFT_VERSION = 4.0;
				TARGETED_DEVICE_FAMILY = "1,2";
			};
			name = Release;
		};
/* End XCBuildConfiguration section */

/* Begin XCConfigurationList section */
		4223E16120781C24000F13EA /* Build configuration list for PBXProject "Field Survey" */ = {
			isa = XCConfigurationList;
			buildConfigurations = (
				4223E17620781C24000F13EA /* Debug */,
				4223E17720781C24000F13EA /* Release */,
			);
			defaultConfigurationIsVisible = 0;
			defaultConfigurationName = Release;
		};
		4223E17820781C24000F13EA /* Build configuration list for PBXNativeTarget "Field Survey" */ = {
			isa = XCConfigurationList;
			buildConfigurations = (
				4223E17920781C24000F13EA /* Debug */,
				4223E17A20781C24000F13EA /* Release */,
			);
			defaultConfigurationIsVisible = 0;
			defaultConfigurationName = Release;
		};
/* End XCConfigurationList section */
	};
	rootObject = 4223E15E20781C24000F13EA /* Project object */;
}
